{
  "name": "cfn-http-resource",
  "version": "1.0.0",
  "lockfileVersion": 2,
  "requires": true,
  "packages": {
    "": {
      "name": "cfn-http-resource",
      "version": "1.0.0",
      "license": "MIT",
      "dependencies": {
        "@aws-cdk/aws-lambda-nodejs": "1.82.0",
        "@aws-cdk/aws-secretsmanager": "1.82.0",
        "@aws-cdk/core": "1.82.0",
        "@aws-cdk/custom-resources": "1.82.0",
        "@types/aws-lambda": "^8.10.68",
        "@types/node": "^12.12.6",
        "axios": "^0.21.1"
      },
      "devDependencies": {
        "typescript": "^4.1.3"
      }
    },
    "node_modules/@aws-cdk/assets": {
      "version": "1.82.0",
      "resolved": "https://registry.npmjs.org/@aws-cdk/assets/-/assets-1.82.0.tgz",
      "integrity": "sha512-+P3NgVOjkv/nC0aWY8bzNbclpDR7kyKRLtlnKpBTbAcWmbxl+QfOV/mlNWV4S1kjL9iK8NCECAlwJTxORGcIow==",
      "dependencies": {
        "@aws-cdk/core": "1.82.0",
        "@aws-cdk/cx-api": "1.82.0",
        "constructs": "^3.2.0"
      },
      "engines": {
        "node": ">= 10.13.0 <13 || >=13.7.0"
      },
      "peerDependencies": {
        "@aws-cdk/core": "1.82.0",
        "@aws-cdk/cx-api": "1.82.0",
        "constructs": "^3.2.0"
      }
    },
    "node_modules/@aws-cdk/aws-applicationautoscaling": {
      "version": "1.82.0",
      "resolved": "https://registry.npmjs.org/@aws-cdk/aws-applicationautoscaling/-/aws-applicationautoscaling-1.82.0.tgz",
      "integrity": "sha512-d6/BxyqjT18yujN8zioCb1wQpD1H9B+S6XnPo2AGXw4lzbhuOGjvo8JfpQwNAwvdMKlyO3YOlA2Qy2VI6Rrkog==",
      "dependencies": {
        "@aws-cdk/aws-autoscaling-common": "1.82.0",
        "@aws-cdk/aws-cloudwatch": "1.82.0",
        "@aws-cdk/aws-iam": "1.82.0",
        "@aws-cdk/core": "1.82.0",
        "constructs": "^3.2.0"
      },
      "engines": {
        "node": ">= 10.13.0 <13 || >=13.7.0"
      },
      "peerDependencies": {
        "@aws-cdk/aws-autoscaling-common": "1.82.0",
        "@aws-cdk/aws-cloudwatch": "1.82.0",
        "@aws-cdk/aws-iam": "1.82.0",
        "@aws-cdk/core": "1.82.0",
        "constructs": "^3.2.0"
      }
    },
    "node_modules/@aws-cdk/aws-autoscaling-common": {
      "version": "1.82.0",
      "resolved": "https://registry.npmjs.org/@aws-cdk/aws-autoscaling-common/-/aws-autoscaling-common-1.82.0.tgz",
      "integrity": "sha512-meFpRmujLMFLq19uCwiBuIva1WfQrA5dTV3HmQK78iQDDSsoK9jQ6IWCQh7Fvs5NeRqr7Fscy97dTCn3chYwXQ==",
      "dependencies": {
        "@aws-cdk/aws-iam": "1.82.0",
        "@aws-cdk/core": "1.82.0",
        "constructs": "^3.2.0"
      },
      "engines": {
        "node": ">= 10.13.0 <13 || >=13.7.0"
      },
      "peerDependencies": {
        "@aws-cdk/aws-iam": "1.82.0",
        "@aws-cdk/core": "1.82.0",
        "constructs": "^3.2.0"
      }
    },
    "node_modules/@aws-cdk/aws-cloudformation": {
      "version": "1.82.0",
      "resolved": "https://registry.npmjs.org/@aws-cdk/aws-cloudformation/-/aws-cloudformation-1.82.0.tgz",
      "integrity": "sha512-RnBcRyCJDn5zarWsSA8RChc0uxSBcZVOCyG9JkFPuYZ7gYEjywQuacxEzOQhyoae2gmCfMbBYvpBkIwqlOc5fA==",
      "dependencies": {
        "@aws-cdk/aws-iam": "1.82.0",
        "@aws-cdk/aws-lambda": "1.82.0",
        "@aws-cdk/aws-s3": "1.82.0",
        "@aws-cdk/aws-sns": "1.82.0",
        "@aws-cdk/core": "1.82.0",
        "@aws-cdk/cx-api": "1.82.0",
        "constructs": "^3.2.0"
      },
      "engines": {
        "node": ">= 10.13.0 <13 || >=13.7.0"
      },
      "peerDependencies": {
        "@aws-cdk/aws-iam": "1.82.0",
        "@aws-cdk/aws-lambda": "1.82.0",
        "@aws-cdk/aws-s3": "1.82.0",
        "@aws-cdk/aws-sns": "1.82.0",
        "@aws-cdk/core": "1.82.0",
        "@aws-cdk/cx-api": "1.82.0",
        "constructs": "^3.2.0"
      }
    },
    "node_modules/@aws-cdk/aws-cloudwatch": {
      "version": "1.82.0",
      "resolved": "https://registry.npmjs.org/@aws-cdk/aws-cloudwatch/-/aws-cloudwatch-1.82.0.tgz",
      "integrity": "sha512-nQrglW/Ns88FdywOe2y8wiW/aPeCwm+2Bzyv1WgHi66BrJ8PFhZS3H5HhaWYZKLo5G13I+snoz3AMQQLnoqoAg==",
      "dependencies": {
        "@aws-cdk/aws-iam": "1.82.0",
        "@aws-cdk/core": "1.82.0",
        "constructs": "^3.2.0"
      },
      "engines": {
        "node": ">= 10.13.0 <13 || >=13.7.0"
      },
      "peerDependencies": {
        "@aws-cdk/aws-iam": "1.82.0",
        "@aws-cdk/core": "1.82.0",
        "constructs": "^3.2.0"
      }
    },
    "node_modules/@aws-cdk/aws-codeguruprofiler": {
      "version": "1.82.0",
      "resolved": "https://registry.npmjs.org/@aws-cdk/aws-codeguruprofiler/-/aws-codeguruprofiler-1.82.0.tgz",
      "integrity": "sha512-U5sf6Wf9BLMrT+N2vpIfEmAj4cgzHvJc4gIZTwVwVcE5KT9LCNavQp+4QwCwkb3n048F6nHdN1PJHi9HbIZdGA==",
      "dependencies": {
        "@aws-cdk/aws-iam": "1.82.0",
        "@aws-cdk/core": "1.82.0",
        "constructs": "^3.2.0"
      },
      "engines": {
        "node": ">= 10.13.0 <13 || >=13.7.0"
      },
      "peerDependencies": {
        "@aws-cdk/aws-iam": "1.82.0",
        "@aws-cdk/core": "1.82.0",
        "constructs": "^3.2.0"
      }
    },
    "node_modules/@aws-cdk/aws-ec2": {
      "version": "1.82.0",
      "resolved": "https://registry.npmjs.org/@aws-cdk/aws-ec2/-/aws-ec2-1.82.0.tgz",
      "integrity": "sha512-rPi1wqGADKnrLfkeo1PJM9AbJpyCd5Iii+fcID8UBSVUokcJGuIGWRkAyz2mvw4jcehcaArcsp3uSYrvRPI7KA==",
      "dependencies": {
        "@aws-cdk/aws-cloudwatch": "1.82.0",
        "@aws-cdk/aws-iam": "1.82.0",
        "@aws-cdk/aws-kms": "1.82.0",
        "@aws-cdk/aws-logs": "1.82.0",
        "@aws-cdk/aws-s3": "1.82.0",
        "@aws-cdk/aws-s3-assets": "1.82.0",
        "@aws-cdk/aws-ssm": "1.82.0",
        "@aws-cdk/cloud-assembly-schema": "1.82.0",
        "@aws-cdk/core": "1.82.0",
        "@aws-cdk/cx-api": "1.82.0",
        "@aws-cdk/region-info": "1.82.0",
        "constructs": "^3.2.0"
      },
      "engines": {
        "node": ">= 10.13.0 <13 || >=13.7.0"
      },
      "peerDependencies": {
        "@aws-cdk/assets": "1.82.0",
        "@aws-cdk/aws-cloudwatch": "1.82.0",
        "@aws-cdk/aws-iam": "1.82.0",
        "@aws-cdk/aws-kms": "1.82.0",
        "@aws-cdk/aws-logs": "1.82.0",
        "@aws-cdk/aws-s3": "1.82.0",
        "@aws-cdk/aws-s3-assets": "1.82.0",
        "@aws-cdk/aws-ssm": "1.82.0",
        "@aws-cdk/cloud-assembly-schema": "1.82.0",
        "@aws-cdk/core": "1.82.0",
        "@aws-cdk/cx-api": "1.82.0",
        "@aws-cdk/region-info": "1.82.0",
        "constructs": "^3.2.0"
      }
    },
    "node_modules/@aws-cdk/aws-ecr": {
      "version": "1.82.0",
      "resolved": "https://registry.npmjs.org/@aws-cdk/aws-ecr/-/aws-ecr-1.82.0.tgz",
      "integrity": "sha512-NGO1DVSdVz5WVlC8r1QX/7kasGQFG5T2UUJTCjxH8qdkL99LGX4atzM21p+vlC1sWxurZ5R9A3v4EUYxd4aR0A==",
      "dependencies": {
        "@aws-cdk/aws-events": "1.82.0",
        "@aws-cdk/aws-iam": "1.82.0",
        "@aws-cdk/core": "1.82.0",
        "constructs": "^3.2.0"
      },
      "engines": {
        "node": ">= 10.13.0 <13 || >=13.7.0"
      },
      "peerDependencies": {
        "@aws-cdk/aws-events": "1.82.0",
        "@aws-cdk/aws-iam": "1.82.0",
        "@aws-cdk/core": "1.82.0",
        "constructs": "^3.2.0"
      }
    },
    "node_modules/@aws-cdk/aws-ecr-assets": {
      "version": "1.82.0",
      "resolved": "https://registry.npmjs.org/@aws-cdk/aws-ecr-assets/-/aws-ecr-assets-1.82.0.tgz",
      "integrity": "sha512-5ADa/F5tWaKuNWs21JdDTEOSVvr6T/B/2MgH39LBlGDxQUsdWjJ+4th6RR6xfzN4vJsdGFi3nAiC7FOCH/pJGA==",
      "bundleDependencies": [
        "minimatch"
      ],
      "dependencies": {
        "@aws-cdk/assets": "1.82.0",
        "@aws-cdk/aws-ecr": "1.82.0",
        "@aws-cdk/aws-iam": "1.82.0",
        "@aws-cdk/aws-s3": "1.82.0",
        "@aws-cdk/core": "1.82.0",
        "@aws-cdk/cx-api": "1.82.0",
        "constructs": "^3.2.0",
        "minimatch": "^3.0.4"
      },
      "engines": {
        "node": ">= 10.13.0 <13 || >=13.7.0"
      },
      "peerDependencies": {
        "@aws-cdk/assets": "1.82.0",
        "@aws-cdk/aws-ecr": "1.82.0",
        "@aws-cdk/aws-iam": "1.82.0",
        "@aws-cdk/aws-s3": "1.82.0",
        "@aws-cdk/core": "1.82.0",
        "@aws-cdk/cx-api": "1.82.0",
        "constructs": "^3.2.0"
      }
    },
    "node_modules/@aws-cdk/aws-ecr-assets/node_modules/balanced-match": {
      "version": "1.0.0",
      "inBundle": true,
      "license": "MIT"
    },
    "node_modules/@aws-cdk/aws-ecr-assets/node_modules/brace-expansion": {
      "version": "1.1.11",
      "inBundle": true,
      "license": "MIT",
      "dependencies": {
        "balanced-match": "^1.0.0",
        "concat-map": "0.0.1"
      }
    },
    "node_modules/@aws-cdk/aws-ecr-assets/node_modules/concat-map": {
      "version": "0.0.1",
      "inBundle": true,
      "license": "MIT"
    },
    "node_modules/@aws-cdk/aws-ecr-assets/node_modules/minimatch": {
      "version": "3.0.4",
      "inBundle": true,
      "license": "ISC",
      "dependencies": {
        "brace-expansion": "^1.1.7"
      },
      "engines": {
        "node": "*"
      }
    },
    "node_modules/@aws-cdk/aws-efs": {
      "version": "1.82.0",
      "resolved": "https://registry.npmjs.org/@aws-cdk/aws-efs/-/aws-efs-1.82.0.tgz",
      "integrity": "sha512-oSHUN8ET59HIwwhTvcnYa++8uOybjDOuLzuBKfHCLpCOqzHq//6KpIfDSVoKnGDq/TuApUXHz4eCkQIYJugwOw==",
      "dependencies": {
        "@aws-cdk/aws-ec2": "1.82.0",
        "@aws-cdk/aws-kms": "1.82.0",
        "@aws-cdk/cloud-assembly-schema": "1.82.0",
        "@aws-cdk/core": "1.82.0",
        "@aws-cdk/cx-api": "1.82.0",
        "constructs": "^3.2.0"
      },
      "engines": {
        "node": ">= 10.13.0 <13 || >=13.7.0"
      },
      "peerDependencies": {
        "@aws-cdk/aws-ec2": "1.82.0",
        "@aws-cdk/aws-kms": "1.82.0",
        "@aws-cdk/cloud-assembly-schema": "1.82.0",
        "@aws-cdk/core": "1.82.0",
        "@aws-cdk/cx-api": "1.82.0",
        "constructs": "^3.2.0"
      }
    },
    "node_modules/@aws-cdk/aws-events": {
      "version": "1.82.0",
      "resolved": "https://registry.npmjs.org/@aws-cdk/aws-events/-/aws-events-1.82.0.tgz",
      "integrity": "sha512-hej4ysakldS7wtRlFyUNWgb2JsdJq76O0WXVZGX6DkNgkOACC8rBT/bcDPr9SkuT2fsX3/+Fz8/MXD4PbDaVQw==",
      "dependencies": {
        "@aws-cdk/aws-iam": "1.82.0",
        "@aws-cdk/core": "1.82.0",
        "constructs": "^3.2.0"
      },
      "engines": {
        "node": ">= 10.13.0 <13 || >=13.7.0"
      },
      "peerDependencies": {
        "@aws-cdk/aws-iam": "1.82.0",
        "@aws-cdk/core": "1.82.0",
        "constructs": "^3.2.0"
      }
    },
    "node_modules/@aws-cdk/aws-iam": {
      "version": "1.82.0",
      "resolved": "https://registry.npmjs.org/@aws-cdk/aws-iam/-/aws-iam-1.82.0.tgz",
      "integrity": "sha512-b9waajQSYr4koXnCZVO/icbpoRS/d3CWVui6yoxPl6UsKy+V0WloCF3oXz1MIjQLHZNh5ysmy85WofYVrefVmg==",
      "dependencies": {
        "@aws-cdk/core": "1.82.0",
        "@aws-cdk/region-info": "1.82.0",
        "constructs": "^3.2.0"
      },
      "engines": {
        "node": ">= 10.13.0 <13 || >=13.7.0"
      },
      "peerDependencies": {
        "@aws-cdk/core": "1.82.0",
        "@aws-cdk/region-info": "1.82.0",
        "constructs": "^3.2.0"
      }
    },
    "node_modules/@aws-cdk/aws-kms": {
      "version": "1.82.0",
      "resolved": "https://registry.npmjs.org/@aws-cdk/aws-kms/-/aws-kms-1.82.0.tgz",
      "integrity": "sha512-JiQ8b/TK693XVIvWdoU9RRxWywzPzxAY5uO7Jaao1D/55wkJXiAPCZUV3wboxBRhHKxQLmxlOlnpxNU0efK3qA==",
      "dependencies": {
        "@aws-cdk/aws-iam": "1.82.0",
        "@aws-cdk/core": "1.82.0",
        "@aws-cdk/cx-api": "1.82.0",
        "constructs": "^3.2.0"
      },
      "engines": {
        "node": ">= 10.13.0 <13 || >=13.7.0"
      },
      "peerDependencies": {
        "@aws-cdk/aws-iam": "1.82.0",
        "@aws-cdk/core": "1.82.0",
        "@aws-cdk/cx-api": "1.82.0",
        "constructs": "^3.2.0"
      }
    },
    "node_modules/@aws-cdk/aws-lambda": {
      "version": "1.82.0",
      "resolved": "https://registry.npmjs.org/@aws-cdk/aws-lambda/-/aws-lambda-1.82.0.tgz",
      "integrity": "sha512-HLHUA/rp2J09xxOta/h2C+SNO4ICS+w9tkVT9lmu62MGOI4JTKvmHZBDoTuno5kvamDv12tkXMBlPvaeYEi87Q==",
      "dependencies": {
        "@aws-cdk/aws-applicationautoscaling": "1.82.0",
        "@aws-cdk/aws-cloudwatch": "1.82.0",
        "@aws-cdk/aws-codeguruprofiler": "1.82.0",
        "@aws-cdk/aws-ec2": "1.82.0",
        "@aws-cdk/aws-ecr": "1.82.0",
        "@aws-cdk/aws-ecr-assets": "1.82.0",
        "@aws-cdk/aws-efs": "1.82.0",
        "@aws-cdk/aws-events": "1.82.0",
        "@aws-cdk/aws-iam": "1.82.0",
        "@aws-cdk/aws-kms": "1.82.0",
        "@aws-cdk/aws-logs": "1.82.0",
        "@aws-cdk/aws-s3": "1.82.0",
        "@aws-cdk/aws-s3-assets": "1.82.0",
        "@aws-cdk/aws-sqs": "1.82.0",
        "@aws-cdk/core": "1.82.0",
        "@aws-cdk/cx-api": "1.82.0",
        "constructs": "^3.2.0"
      },
      "engines": {
        "node": ">= 10.13.0 <13 || >=13.7.0"
      },
      "peerDependencies": {
        "@aws-cdk/aws-applicationautoscaling": "1.82.0",
        "@aws-cdk/aws-cloudwatch": "1.82.0",
        "@aws-cdk/aws-codeguruprofiler": "1.82.0",
        "@aws-cdk/aws-ec2": "1.82.0",
        "@aws-cdk/aws-ecr": "1.82.0",
        "@aws-cdk/aws-ecr-assets": "1.82.0",
        "@aws-cdk/aws-efs": "1.82.0",
        "@aws-cdk/aws-events": "1.82.0",
        "@aws-cdk/aws-iam": "1.82.0",
        "@aws-cdk/aws-kms": "1.82.0",
        "@aws-cdk/aws-logs": "1.82.0",
        "@aws-cdk/aws-s3": "1.82.0",
        "@aws-cdk/aws-s3-assets": "1.82.0",
        "@aws-cdk/aws-sqs": "1.82.0",
        "@aws-cdk/core": "1.82.0",
        "@aws-cdk/cx-api": "1.82.0",
        "constructs": "^3.2.0"
      }
    },
    "node_modules/@aws-cdk/aws-lambda-nodejs": {
      "version": "1.82.0",
      "resolved": "https://registry.npmjs.org/@aws-cdk/aws-lambda-nodejs/-/aws-lambda-nodejs-1.82.0.tgz",
      "integrity": "sha512-yxEUiIQHcMk982Res3U7ClxIgwcu+/eVFQ/iUA7tyZXS2vpqJXlxgyP2DKtQ5m3PSA1jyjSrUzg5EzojKwEuuw==",
      "dependencies": {
        "@aws-cdk/aws-lambda": "1.82.0",
        "@aws-cdk/core": "1.82.0",
        "constructs": "^3.2.0"
      },
      "engines": {
        "node": ">= 10.13.0 <13 || >=13.7.0"
      },
      "peerDependencies": {
        "@aws-cdk/aws-lambda": "1.82.0",
        "@aws-cdk/core": "1.82.0",
        "constructs": "^3.2.0"
      }
    },
    "node_modules/@aws-cdk/aws-logs": {
      "version": "1.82.0",
      "resolved": "https://registry.npmjs.org/@aws-cdk/aws-logs/-/aws-logs-1.82.0.tgz",
      "integrity": "sha512-FM+6dUmrIx4gDcEfHJMUxZ0o1fnLEjJNC5d/1Tbmu1UFc8T0v22JMJoJZQa03CLqK6IOrJ77mWY3VW+lsewe0w==",
      "dependencies": {
        "@aws-cdk/aws-cloudwatch": "1.82.0",
        "@aws-cdk/aws-iam": "1.82.0",
        "@aws-cdk/aws-kms": "1.82.0",
        "@aws-cdk/aws-s3-assets": "1.82.0",
        "@aws-cdk/core": "1.82.0",
        "constructs": "^3.2.0"
      },
      "engines": {
        "node": ">= 10.13.0 <13 || >=13.7.0"
      },
      "peerDependencies": {
        "@aws-cdk/aws-cloudwatch": "1.82.0",
        "@aws-cdk/aws-iam": "1.82.0",
        "@aws-cdk/aws-kms": "1.82.0",
        "@aws-cdk/aws-s3-assets": "1.82.0",
        "@aws-cdk/core": "1.82.0",
        "constructs": "^3.2.0"
      }
    },
    "node_modules/@aws-cdk/aws-s3": {
      "version": "1.82.0",
      "resolved": "https://registry.npmjs.org/@aws-cdk/aws-s3/-/aws-s3-1.82.0.tgz",
      "integrity": "sha512-OHkpq2pUnbHCZxmctPWEUrm7bXnq0xCwSkGpcoKkORBhlcga4A9RCneA5eyBUU7Eoy3ECfwSbFaDVtQn1+J5Ew==",
      "dependencies": {
        "@aws-cdk/aws-events": "1.82.0",
        "@aws-cdk/aws-iam": "1.82.0",
        "@aws-cdk/aws-kms": "1.82.0",
        "@aws-cdk/core": "1.82.0",
        "constructs": "^3.2.0"
      },
      "engines": {
        "node": ">= 10.13.0 <13 || >=13.7.0"
      },
      "peerDependencies": {
        "@aws-cdk/aws-events": "1.82.0",
        "@aws-cdk/aws-iam": "1.82.0",
        "@aws-cdk/aws-kms": "1.82.0",
        "@aws-cdk/core": "1.82.0",
        "constructs": "^3.2.0"
      }
    },
    "node_modules/@aws-cdk/aws-s3-assets": {
      "version": "1.82.0",
      "resolved": "https://registry.npmjs.org/@aws-cdk/aws-s3-assets/-/aws-s3-assets-1.82.0.tgz",
      "integrity": "sha512-IPhGoDDIum36veMXjGh080nihIrlORSCYCFu8he1+sgze9oFfb7jPIAfIPzz7bW1sPc4NdKjJTFt0w0cq1ELPg==",
      "dependencies": {
        "@aws-cdk/assets": "1.82.0",
        "@aws-cdk/aws-iam": "1.82.0",
        "@aws-cdk/aws-kms": "1.82.0",
        "@aws-cdk/aws-s3": "1.82.0",
        "@aws-cdk/core": "1.82.0",
        "@aws-cdk/cx-api": "1.82.0",
        "constructs": "^3.2.0"
      },
      "engines": {
        "node": ">= 10.13.0 <13 || >=13.7.0"
      },
      "peerDependencies": {
        "@aws-cdk/assets": "1.82.0",
        "@aws-cdk/aws-iam": "1.82.0",
        "@aws-cdk/aws-kms": "1.82.0",
        "@aws-cdk/aws-s3": "1.82.0",
        "@aws-cdk/core": "1.82.0",
        "@aws-cdk/cx-api": "1.82.0",
        "constructs": "^3.2.0"
      }
    },
    "node_modules/@aws-cdk/aws-sam": {
      "version": "1.82.0",
      "resolved": "https://registry.npmjs.org/@aws-cdk/aws-sam/-/aws-sam-1.82.0.tgz",
      "integrity": "sha512-j7haLlr2WjYp+ptO5iEcCIcrPzW1g4hiZ3m9CuGyEmc7Aj60Fok1V7a9/ymvblHwg1W6WutYqw+BGXMWJnQf2A==",
      "dependencies": {
        "@aws-cdk/core": "1.82.0",
        "constructs": "^3.2.0"
      },
      "engines": {
        "node": ">= 10.13.0 <13 || >=13.7.0"
      },
      "peerDependencies": {
        "@aws-cdk/core": "1.82.0",
        "constructs": "^3.2.0"
      }
    },
    "node_modules/@aws-cdk/aws-secretsmanager": {
      "version": "1.82.0",
      "resolved": "https://registry.npmjs.org/@aws-cdk/aws-secretsmanager/-/aws-secretsmanager-1.82.0.tgz",
      "integrity": "sha512-rU2IV+ZQ+sufJEvYjlEnMZRtYuQk7mdctrS1BZQldq62Gnnknc7EMuOmtDyYq27+ky/YdBS6eRc6m3nDHQeZmQ==",
      "dependencies": {
        "@aws-cdk/aws-ec2": "1.82.0",
        "@aws-cdk/aws-iam": "1.82.0",
        "@aws-cdk/aws-kms": "1.82.0",
        "@aws-cdk/aws-lambda": "1.82.0",
        "@aws-cdk/aws-sam": "1.82.0",
        "@aws-cdk/core": "1.82.0",
        "@aws-cdk/cx-api": "1.82.0",
        "constructs": "^3.2.0"
      },
      "engines": {
        "node": ">= 10.13.0 <13 || >=13.7.0"
      },
      "peerDependencies": {
        "@aws-cdk/aws-ec2": "1.82.0",
        "@aws-cdk/aws-iam": "1.82.0",
        "@aws-cdk/aws-kms": "1.82.0",
        "@aws-cdk/aws-lambda": "1.82.0",
        "@aws-cdk/aws-sam": "1.82.0",
        "@aws-cdk/core": "1.82.0",
        "@aws-cdk/cx-api": "1.82.0",
        "constructs": "^3.2.0"
      }
    },
    "node_modules/@aws-cdk/aws-sns": {
      "version": "1.82.0",
      "resolved": "https://registry.npmjs.org/@aws-cdk/aws-sns/-/aws-sns-1.82.0.tgz",
      "integrity": "sha512-6dVj8SJidvrn64XVE1LjeLq1buOT3N7hyTS+OaF5u7CJlyAoHpNErHLQTjRbin2d5waPKjrKaypJdTciLzvmcA==",
      "dependencies": {
        "@aws-cdk/aws-cloudwatch": "1.82.0",
        "@aws-cdk/aws-events": "1.82.0",
        "@aws-cdk/aws-iam": "1.82.0",
        "@aws-cdk/aws-kms": "1.82.0",
        "@aws-cdk/aws-sqs": "1.82.0",
        "@aws-cdk/core": "1.82.0",
        "constructs": "^3.2.0"
      },
      "engines": {
        "node": ">= 10.13.0 <13 || >=13.7.0"
      },
      "peerDependencies": {
        "@aws-cdk/aws-cloudwatch": "1.82.0",
        "@aws-cdk/aws-events": "1.82.0",
        "@aws-cdk/aws-iam": "1.82.0",
        "@aws-cdk/aws-kms": "1.82.0",
        "@aws-cdk/aws-sqs": "1.82.0",
        "@aws-cdk/core": "1.82.0",
        "constructs": "^3.2.0"
      }
    },
    "node_modules/@aws-cdk/aws-sqs": {
      "version": "1.82.0",
      "resolved": "https://registry.npmjs.org/@aws-cdk/aws-sqs/-/aws-sqs-1.82.0.tgz",
      "integrity": "sha512-Hk5V/mNdQwDvt9tUOBcURDJOkonDumK07pFM4st73+zl5nqfjzVDdBVJgvpPv0VOWHulP6LwL1O30MToXji1tw==",
      "dependencies": {
        "@aws-cdk/aws-cloudwatch": "1.82.0",
        "@aws-cdk/aws-iam": "1.82.0",
        "@aws-cdk/aws-kms": "1.82.0",
        "@aws-cdk/core": "1.82.0",
        "constructs": "^3.2.0"
      },
      "engines": {
        "node": ">= 10.13.0 <13 || >=13.7.0"
      },
      "peerDependencies": {
        "@aws-cdk/aws-cloudwatch": "1.82.0",
        "@aws-cdk/aws-iam": "1.82.0",
        "@aws-cdk/aws-kms": "1.82.0",
        "@aws-cdk/core": "1.82.0",
        "constructs": "^3.2.0"
      }
    },
    "node_modules/@aws-cdk/aws-ssm": {
      "version": "1.82.0",
      "resolved": "https://registry.npmjs.org/@aws-cdk/aws-ssm/-/aws-ssm-1.82.0.tgz",
      "integrity": "sha512-b4lXrQicCT9Jttp1C6jgfQTxPp+2Wqfx1hSbHKr1hg6Kv5k3RG4GJu4bIRV8iRYyKmm74SzAA1Uwh6P/RY8k1g==",
      "dependencies": {
        "@aws-cdk/aws-iam": "1.82.0",
        "@aws-cdk/aws-kms": "1.82.0",
        "@aws-cdk/cloud-assembly-schema": "1.82.0",
        "@aws-cdk/core": "1.82.0",
        "constructs": "^3.2.0"
      },
      "engines": {
        "node": ">= 10.13.0 <13 || >=13.7.0"
      },
      "peerDependencies": {
        "@aws-cdk/aws-iam": "1.82.0",
        "@aws-cdk/aws-kms": "1.82.0",
        "@aws-cdk/cloud-assembly-schema": "1.82.0",
        "@aws-cdk/core": "1.82.0",
        "constructs": "^3.2.0"
      }
    },
    "node_modules/@aws-cdk/cloud-assembly-schema": {
      "version": "1.82.0",
      "resolved": "https://registry.npmjs.org/@aws-cdk/cloud-assembly-schema/-/cloud-assembly-schema-1.82.0.tgz",
      "integrity": "sha512-eXf2CYLO6akkD6+2dsgGsECYZfQ2179QU5uDRH+9yWhaE0jQmca2o5m+HgaGE9AfvlIXiPeMYp1/6Ut22dh0jg==",
      "bundleDependencies": [
        "jsonschema",
        "semver"
      ],
      "dependencies": {
        "jsonschema": "^1.4.0",
        "semver": "^7.3.2"
      },
      "engines": {
        "node": ">= 10.13.0 <13 || >=13.7.0"
      }
    },
    "node_modules/@aws-cdk/cloud-assembly-schema/node_modules/jsonschema": {
      "version": "1.4.0",
      "inBundle": true,
      "license": "MIT",
      "engines": {
        "node": "*"
      }
    },
    "node_modules/@aws-cdk/cloud-assembly-schema/node_modules/semver": {
      "version": "7.3.2",
      "inBundle": true,
      "license": "ISC",
      "bin": {
        "semver": "bin/semver.js"
      },
      "engines": {
        "node": ">=10"
      }
    },
    "node_modules/@aws-cdk/core": {
      "version": "1.82.0",
      "resolved": "https://registry.npmjs.org/@aws-cdk/core/-/core-1.82.0.tgz",
      "integrity": "sha512-0bGrY7JxiOWKYlL4SjT+3IPevjQdHqxF5yxF6002cRCRDJK+GYMFxu6bblJ0CxXCkXfJ9cDOPo/Btz4FXnQWQw==",
      "bundleDependencies": [
        "fs-extra",
        "minimatch",
        "@balena/dockerignore",
        "ignore"
      ],
      "dependencies": {
        "@aws-cdk/cloud-assembly-schema": "1.82.0",
        "@aws-cdk/cx-api": "1.82.0",
        "@aws-cdk/region-info": "1.82.0",
        "@balena/dockerignore": "^1.0.2",
        "constructs": "^3.2.0",
        "fs-extra": "^9.0.1",
        "ignore": "^5.1.8",
        "minimatch": "^3.0.4"
      },
      "engines": {
        "node": ">= 10.13.0 <13 || >=13.7.0"
      },
      "peerDependencies": {
        "@aws-cdk/cloud-assembly-schema": "1.82.0",
        "@aws-cdk/cx-api": "1.82.0",
        "@aws-cdk/region-info": "1.82.0",
        "constructs": "^3.2.0"
      }
    },
    "node_modules/@aws-cdk/core/node_modules/@balena/dockerignore": {
      "version": "1.0.2",
      "inBundle": true,
      "license": "Apache-2.0"
    },
    "node_modules/@aws-cdk/core/node_modules/at-least-node": {
      "version": "1.0.0",
      "inBundle": true,
      "license": "ISC",
      "engines": {
        "node": ">= 4.0.0"
      }
    },
    "node_modules/@aws-cdk/core/node_modules/balanced-match": {
      "version": "1.0.0",
      "inBundle": true,
      "license": "MIT"
    },
    "node_modules/@aws-cdk/core/node_modules/brace-expansion": {
      "version": "1.1.11",
      "inBundle": true,
      "license": "MIT",
      "dependencies": {
        "balanced-match": "^1.0.0",
        "concat-map": "0.0.1"
      }
    },
    "node_modules/@aws-cdk/core/node_modules/concat-map": {
      "version": "0.0.1",
      "inBundle": true,
      "license": "MIT"
    },
    "node_modules/@aws-cdk/core/node_modules/fs-extra": {
      "version": "9.0.1",
      "inBundle": true,
      "license": "MIT",
      "dependencies": {
        "at-least-node": "^1.0.0",
        "graceful-fs": "^4.2.0",
        "jsonfile": "^6.0.1",
        "universalify": "^1.0.0"
      },
      "engines": {
        "node": ">=10"
      }
    },
    "node_modules/@aws-cdk/core/node_modules/graceful-fs": {
      "version": "4.2.4",
      "inBundle": true,
      "license": "ISC"
    },
    "node_modules/@aws-cdk/core/node_modules/ignore": {
      "version": "5.1.8",
      "inBundle": true,
      "license": "MIT",
      "engines": {
        "node": ">= 4"
      }
    },
    "node_modules/@aws-cdk/core/node_modules/jsonfile": {
      "version": "6.1.0",
      "inBundle": true,
      "license": "MIT",
      "dependencies": {
        "graceful-fs": "^4.1.6",
        "universalify": "^2.0.0"
      },
      "optionalDependencies": {
        "graceful-fs": "^4.1.6"
      }
    },
    "node_modules/@aws-cdk/core/node_modules/jsonfile/node_modules/universalify": {
      "version": "2.0.0",
      "inBundle": true,
      "license": "MIT",
      "engines": {
        "node": ">= 10.0.0"
      }
    },
    "node_modules/@aws-cdk/core/node_modules/minimatch": {
      "version": "3.0.4",
      "inBundle": true,
      "license": "ISC",
      "dependencies": {
        "brace-expansion": "^1.1.7"
      },
      "engines": {
        "node": "*"
      }
    },
    "node_modules/@aws-cdk/core/node_modules/universalify": {
      "version": "1.0.0",
      "inBundle": true,
      "license": "MIT",
      "engines": {
        "node": ">= 10.0.0"
      }
    },
    "node_modules/@aws-cdk/custom-resources": {
      "version": "1.82.0",
      "resolved": "https://registry.npmjs.org/@aws-cdk/custom-resources/-/custom-resources-1.82.0.tgz",
      "integrity": "sha512-NsZqyBrPVQVLB69POwl96MebP4B0g26EDhSxwY8NlWE6a7J7VQXtCRiMbwEU5Kr9CmH1tuPrNmhG4pWILOMGvA==",
      "dependencies": {
        "@aws-cdk/aws-cloudformation": "1.82.0",
        "@aws-cdk/aws-ec2": "1.82.0",
        "@aws-cdk/aws-iam": "1.82.0",
        "@aws-cdk/aws-lambda": "1.82.0",
        "@aws-cdk/aws-logs": "1.82.0",
        "@aws-cdk/aws-sns": "1.82.0",
        "@aws-cdk/core": "1.82.0",
        "constructs": "^3.2.0"
      },
      "engines": {
        "node": ">= 10.13.0 <13 || >=13.7.0"
      },
      "peerDependencies": {
        "@aws-cdk/aws-cloudformation": "1.82.0",
        "@aws-cdk/aws-ec2": "1.82.0",
        "@aws-cdk/aws-iam": "1.82.0",
        "@aws-cdk/aws-lambda": "1.82.0",
        "@aws-cdk/aws-logs": "1.82.0",
        "@aws-cdk/aws-sns": "1.82.0",
        "@aws-cdk/core": "1.82.0",
        "constructs": "^3.2.0"
      }
    },
    "node_modules/@aws-cdk/cx-api": {
      "version": "1.82.0",
      "resolved": "https://registry.npmjs.org/@aws-cdk/cx-api/-/cx-api-1.82.0.tgz",
      "integrity": "sha512-RcyLJu9WQLQWsMuAzZyBgF4YFz5SsZOg9UM0/LAHzz3bFeZlwekTcrbb9mJJv5Dharva6x47MU2fbmBTrmlakQ==",
      "bundleDependencies": [
        "semver"
      ],
      "dependencies": {
        "@aws-cdk/cloud-assembly-schema": "1.82.0",
        "semver": "^7.3.2"
      },
      "engines": {
        "node": ">= 10.13.0 <13 || >=13.7.0"
      },
      "peerDependencies": {
        "@aws-cdk/cloud-assembly-schema": "1.82.0"
      }
    },
    "node_modules/@aws-cdk/cx-api/node_modules/semver": {
      "version": "7.3.2",
      "inBundle": true,
      "license": "ISC",
      "bin": {
        "semver": "bin/semver.js"
      },
      "engines": {
        "node": ">=10"
      }
    },
    "node_modules/@aws-cdk/region-info": {
      "version": "1.82.0",
      "resolved": "https://registry.npmjs.org/@aws-cdk/region-info/-/region-info-1.82.0.tgz",
      "integrity": "sha512-mIO2zJP3rUtuGPX/PlLVew3uU29rESswrykmZKuOXDgOvGsYKDAEPI00l0XVm2n9k1p3gVRH1dEysl/C+NSBiA==",
      "engines": {
        "node": ">= 10.13.0 <13 || >=13.7.0"
      }
    },
    "node_modules/@types/aws-lambda": {
      "version": "8.10.68",
      "resolved": "https://registry.npmjs.org/@types/aws-lambda/-/aws-lambda-8.10.68.tgz",
      "integrity": "sha512-0/0ghix1WXU8xJxvRx/VtmAesLR6+dPFWrNhQ90Pq6oOYN3x+oRVPnjjYNOIRuEd7fmKovl7s6ILCXMnbDr4Mg=="
    },
    "node_modules/@types/node": {
      "version": "12.19.11",
      "resolved": "https://registry.npmjs.org/@types/node/-/node-12.19.11.tgz",
      "integrity": "sha512-bwVfNTFZOrGXyiQ6t4B9sZerMSShWNsGRw8tC5DY1qImUNczS9SjT4G6PnzjCnxsu5Ubj6xjL2lgwddkxtQl5w=="
    },
    "node_modules/axios": {
      "version": "0.21.1",
      "resolved": "https://registry.npmjs.org/axios/-/axios-0.21.1.tgz",
      "integrity": "sha512-dKQiRHxGD9PPRIUNIWvZhPTPpl1rf/OxTYKsqKUDjBwYylTvV7SjSHJb9ratfyzM6wCdLCOYLzs73qpg5c4iGA==",
      "dependencies": {
        "follow-redirects": "^1.10.0"
      }
    },
    "node_modules/constructs": {
      "version": "3.2.90",
      "resolved": "https://registry.npmjs.org/constructs/-/constructs-3.2.90.tgz",
      "integrity": "sha512-Hi0MN1NQOrqVUXE2YGQ0GL6LLPW7R9WP1QYOXvI2OW0wX43zd5sDT0D8PE116EKF8nRAFQenUPlD2EdgxoHPDg==",
      "engines": {
        "node": ">= 10.17.0"
      }
    },
    "node_modules/follow-redirects": {
      "version": "1.13.1",
      "resolved": "https://registry.npmjs.org/follow-redirects/-/follow-redirects-1.13.1.tgz",
      "integrity": "sha512-SSG5xmZh1mkPGyKzjZP8zLjltIfpW32Y5QpdNJyjcfGxK3qo3NDDkZOZSFiGn1A6SclQxY9GzEwAHQ3dmYRWpg==",
      "funding": [
        {
          "type": "individual",
          "url": "https://github.com/sponsors/RubenVerborgh"
        }
      ],
      "engines": {
        "node": ">=4.0"
      },
      "peerDependenciesMeta": {
        "debug": {
          "optional": true
        }
      }
    },
    "node_modules/typescript": {
      "version": "4.1.3",
      "resolved": "https://registry.npmjs.org/typescript/-/typescript-4.1.3.tgz",
      "integrity": "sha512-B3ZIOf1IKeH2ixgHhj6la6xdwR9QrLC5d1VKeCSY4tvkqhF2eqd9O7txNlS0PO3GrBAFIdr3L1ndNwteUbZLYg==",
      "dev": true,
      "bin": {
        "tsc": "bin/tsc",
        "tsserver": "bin/tsserver"
      },
      "engines": {
        "node": ">=4.2.0"
      }
    }
  },
  "dependencies": {
    "@aws-cdk/assets": {
      "version": "1.82.0",
      "resolved": "https://registry.npmjs.org/@aws-cdk/assets/-/assets-1.82.0.tgz",
      "integrity": "sha512-+P3NgVOjkv/nC0aWY8bzNbclpDR7kyKRLtlnKpBTbAcWmbxl+QfOV/mlNWV4S1kjL9iK8NCECAlwJTxORGcIow==",
      "requires": {
        "@aws-cdk/core": "1.82.0",
        "@aws-cdk/cx-api": "1.82.0",
        "constructs": "^3.2.0"
      }
    },
    "@aws-cdk/aws-applicationautoscaling": {
      "version": "1.82.0",
      "resolved": "https://registry.npmjs.org/@aws-cdk/aws-applicationautoscaling/-/aws-applicationautoscaling-1.82.0.tgz",
      "integrity": "sha512-d6/BxyqjT18yujN8zioCb1wQpD1H9B+S6XnPo2AGXw4lzbhuOGjvo8JfpQwNAwvdMKlyO3YOlA2Qy2VI6Rrkog==",
      "requires": {
        "@aws-cdk/aws-autoscaling-common": "1.82.0",
        "@aws-cdk/aws-cloudwatch": "1.82.0",
        "@aws-cdk/aws-iam": "1.82.0",
        "@aws-cdk/core": "1.82.0",
        "constructs": "^3.2.0"
      }
    },
    "@aws-cdk/aws-autoscaling-common": {
      "version": "1.82.0",
      "resolved": "https://registry.npmjs.org/@aws-cdk/aws-autoscaling-common/-/aws-autoscaling-common-1.82.0.tgz",
      "integrity": "sha512-meFpRmujLMFLq19uCwiBuIva1WfQrA5dTV3HmQK78iQDDSsoK9jQ6IWCQh7Fvs5NeRqr7Fscy97dTCn3chYwXQ==",
      "requires": {
        "@aws-cdk/aws-iam": "1.82.0",
        "@aws-cdk/core": "1.82.0",
        "constructs": "^3.2.0"
      }
    },
    "@aws-cdk/aws-cloudformation": {
      "version": "1.82.0",
      "resolved": "https://registry.npmjs.org/@aws-cdk/aws-cloudformation/-/aws-cloudformation-1.82.0.tgz",
      "integrity": "sha512-RnBcRyCJDn5zarWsSA8RChc0uxSBcZVOCyG9JkFPuYZ7gYEjywQuacxEzOQhyoae2gmCfMbBYvpBkIwqlOc5fA==",
      "requires": {
        "@aws-cdk/aws-iam": "1.82.0",
        "@aws-cdk/aws-lambda": "1.82.0",
        "@aws-cdk/aws-s3": "1.82.0",
        "@aws-cdk/aws-sns": "1.82.0",
        "@aws-cdk/core": "1.82.0",
        "@aws-cdk/cx-api": "1.82.0",
        "constructs": "^3.2.0"
      }
    },
    "@aws-cdk/aws-cloudwatch": {
      "version": "1.82.0",
      "resolved": "https://registry.npmjs.org/@aws-cdk/aws-cloudwatch/-/aws-cloudwatch-1.82.0.tgz",
      "integrity": "sha512-nQrglW/Ns88FdywOe2y8wiW/aPeCwm+2Bzyv1WgHi66BrJ8PFhZS3H5HhaWYZKLo5G13I+snoz3AMQQLnoqoAg==",
      "requires": {
        "@aws-cdk/aws-iam": "1.82.0",
        "@aws-cdk/core": "1.82.0",
        "constructs": "^3.2.0"
      }
    },
    "@aws-cdk/aws-codeguruprofiler": {
      "version": "1.82.0",
      "resolved": "https://registry.npmjs.org/@aws-cdk/aws-codeguruprofiler/-/aws-codeguruprofiler-1.82.0.tgz",
      "integrity": "sha512-U5sf6Wf9BLMrT+N2vpIfEmAj4cgzHvJc4gIZTwVwVcE5KT9LCNavQp+4QwCwkb3n048F6nHdN1PJHi9HbIZdGA==",
      "requires": {
        "@aws-cdk/aws-iam": "1.82.0",
        "@aws-cdk/core": "1.82.0",
        "constructs": "^3.2.0"
      }
    },
    "@aws-cdk/aws-ec2": {
      "version": "1.82.0",
      "resolved": "https://registry.npmjs.org/@aws-cdk/aws-ec2/-/aws-ec2-1.82.0.tgz",
      "integrity": "sha512-rPi1wqGADKnrLfkeo1PJM9AbJpyCd5Iii+fcID8UBSVUokcJGuIGWRkAyz2mvw4jcehcaArcsp3uSYrvRPI7KA==",
      "requires": {
        "@aws-cdk/aws-cloudwatch": "1.82.0",
        "@aws-cdk/aws-iam": "1.82.0",
        "@aws-cdk/aws-kms": "1.82.0",
        "@aws-cdk/aws-logs": "1.82.0",
        "@aws-cdk/aws-s3": "1.82.0",
        "@aws-cdk/aws-s3-assets": "1.82.0",
        "@aws-cdk/aws-ssm": "1.82.0",
        "@aws-cdk/cloud-assembly-schema": "1.82.0",
        "@aws-cdk/core": "1.82.0",
        "@aws-cdk/cx-api": "1.82.0",
        "@aws-cdk/region-info": "1.82.0",
        "constructs": "^3.2.0"
      }
    },
    "@aws-cdk/aws-ecr": {
      "version": "1.82.0",
      "resolved": "https://registry.npmjs.org/@aws-cdk/aws-ecr/-/aws-ecr-1.82.0.tgz",
      "integrity": "sha512-NGO1DVSdVz5WVlC8r1QX/7kasGQFG5T2UUJTCjxH8qdkL99LGX4atzM21p+vlC1sWxurZ5R9A3v4EUYxd4aR0A==",
      "requires": {
        "@aws-cdk/aws-events": "1.82.0",
        "@aws-cdk/aws-iam": "1.82.0",
        "@aws-cdk/core": "1.82.0",
        "constructs": "^3.2.0"
      }
    },
    "@aws-cdk/aws-ecr-assets": {
      "version": "1.82.0",
      "resolved": "https://registry.npmjs.org/@aws-cdk/aws-ecr-assets/-/aws-ecr-assets-1.82.0.tgz",
      "integrity": "sha512-5ADa/F5tWaKuNWs21JdDTEOSVvr6T/B/2MgH39LBlGDxQUsdWjJ+4th6RR6xfzN4vJsdGFi3nAiC7FOCH/pJGA==",
      "requires": {
        "@aws-cdk/assets": "1.82.0",
        "@aws-cdk/aws-ecr": "1.82.0",
        "@aws-cdk/aws-iam": "1.82.0",
        "@aws-cdk/aws-s3": "1.82.0",
        "@aws-cdk/core": "1.82.0",
        "@aws-cdk/cx-api": "1.82.0",
        "constructs": "^3.2.0",
        "minimatch": "^3.0.4"
      },
      "dependencies": {
        "balanced-match": {
          "version": "1.0.0",
          "bundled": true
        },
        "brace-expansion": {
          "version": "1.1.11",
          "bundled": true,
          "requires": {
            "balanced-match": "^1.0.0",
            "concat-map": "0.0.1"
          }
        },
        "concat-map": {
          "version": "0.0.1",
          "bundled": true
        },
        "minimatch": {
          "version": "3.0.4",
          "bundled": true,
          "requires": {
            "brace-expansion": "^1.1.7"
          }
        }
      }
    },
    "@aws-cdk/aws-efs": {
      "version": "1.82.0",
      "resolved": "https://registry.npmjs.org/@aws-cdk/aws-efs/-/aws-efs-1.82.0.tgz",
      "integrity": "sha512-oSHUN8ET59HIwwhTvcnYa++8uOybjDOuLzuBKfHCLpCOqzHq//6KpIfDSVoKnGDq/TuApUXHz4eCkQIYJugwOw==",
      "requires": {
        "@aws-cdk/aws-ec2": "1.82.0",
        "@aws-cdk/aws-kms": "1.82.0",
        "@aws-cdk/cloud-assembly-schema": "1.82.0",
        "@aws-cdk/core": "1.82.0",
        "@aws-cdk/cx-api": "1.82.0",
        "constructs": "^3.2.0"
      }
    },
    "@aws-cdk/aws-events": {
      "version": "1.82.0",
      "resolved": "https://registry.npmjs.org/@aws-cdk/aws-events/-/aws-events-1.82.0.tgz",
      "integrity": "sha512-hej4ysakldS7wtRlFyUNWgb2JsdJq76O0WXVZGX6DkNgkOACC8rBT/bcDPr9SkuT2fsX3/+Fz8/MXD4PbDaVQw==",
      "requires": {
        "@aws-cdk/aws-iam": "1.82.0",
        "@aws-cdk/core": "1.82.0",
        "constructs": "^3.2.0"
      }
    },
    "@aws-cdk/aws-iam": {
      "version": "1.82.0",
      "resolved": "https://registry.npmjs.org/@aws-cdk/aws-iam/-/aws-iam-1.82.0.tgz",
      "integrity": "sha512-b9waajQSYr4koXnCZVO/icbpoRS/d3CWVui6yoxPl6UsKy+V0WloCF3oXz1MIjQLHZNh5ysmy85WofYVrefVmg==",
      "requires": {
        "@aws-cdk/core": "1.82.0",
        "@aws-cdk/region-info": "1.82.0",
        "constructs": "^3.2.0"
      }
    },
    "@aws-cdk/aws-kms": {
      "version": "1.82.0",
      "resolved": "https://registry.npmjs.org/@aws-cdk/aws-kms/-/aws-kms-1.82.0.tgz",
      "integrity": "sha512-JiQ8b/TK693XVIvWdoU9RRxWywzPzxAY5uO7Jaao1D/55wkJXiAPCZUV3wboxBRhHKxQLmxlOlnpxNU0efK3qA==",
      "requires": {
        "@aws-cdk/aws-iam": "1.82.0",
        "@aws-cdk/core": "1.82.0",
        "@aws-cdk/cx-api": "1.82.0",
        "constructs": "^3.2.0"
      }
    },
    "@aws-cdk/aws-lambda": {
      "version": "1.82.0",
      "resolved": "https://registry.npmjs.org/@aws-cdk/aws-lambda/-/aws-lambda-1.82.0.tgz",
      "integrity": "sha512-HLHUA/rp2J09xxOta/h2C+SNO4ICS+w9tkVT9lmu62MGOI4JTKvmHZBDoTuno5kvamDv12tkXMBlPvaeYEi87Q==",
      "requires": {
        "@aws-cdk/aws-applicationautoscaling": "1.82.0",
        "@aws-cdk/aws-cloudwatch": "1.82.0",
        "@aws-cdk/aws-codeguruprofiler": "1.82.0",
        "@aws-cdk/aws-ec2": "1.82.0",
        "@aws-cdk/aws-ecr": "1.82.0",
        "@aws-cdk/aws-ecr-assets": "1.82.0",
        "@aws-cdk/aws-efs": "1.82.0",
        "@aws-cdk/aws-events": "1.82.0",
        "@aws-cdk/aws-iam": "1.82.0",
        "@aws-cdk/aws-kms": "1.82.0",
        "@aws-cdk/aws-logs": "1.82.0",
        "@aws-cdk/aws-s3": "1.82.0",
        "@aws-cdk/aws-s3-assets": "1.82.0",
        "@aws-cdk/aws-sqs": "1.82.0",
        "@aws-cdk/core": "1.82.0",
        "@aws-cdk/cx-api": "1.82.0",
        "constructs": "^3.2.0"
      }
    },
    "@aws-cdk/aws-lambda-nodejs": {
      "version": "1.82.0",
      "resolved": "https://registry.npmjs.org/@aws-cdk/aws-lambda-nodejs/-/aws-lambda-nodejs-1.82.0.tgz",
      "integrity": "sha512-yxEUiIQHcMk982Res3U7ClxIgwcu+/eVFQ/iUA7tyZXS2vpqJXlxgyP2DKtQ5m3PSA1jyjSrUzg5EzojKwEuuw==",
      "requires": {
        "@aws-cdk/aws-lambda": "1.82.0",
        "@aws-cdk/core": "1.82.0",
        "constructs": "^3.2.0"
      }
    },
    "@aws-cdk/aws-logs": {
      "version": "1.82.0",
      "resolved": "https://registry.npmjs.org/@aws-cdk/aws-logs/-/aws-logs-1.82.0.tgz",
      "integrity": "sha512-FM+6dUmrIx4gDcEfHJMUxZ0o1fnLEjJNC5d/1Tbmu1UFc8T0v22JMJoJZQa03CLqK6IOrJ77mWY3VW+lsewe0w==",
      "requires": {
        "@aws-cdk/aws-cloudwatch": "1.82.0",
        "@aws-cdk/aws-iam": "1.82.0",
        "@aws-cdk/aws-kms": "1.82.0",
        "@aws-cdk/aws-s3-assets": "1.82.0",
        "@aws-cdk/core": "1.82.0",
        "constructs": "^3.2.0"
      }
    },
    "@aws-cdk/aws-s3": {
      "version": "1.82.0",
      "resolved": "https://registry.npmjs.org/@aws-cdk/aws-s3/-/aws-s3-1.82.0.tgz",
      "integrity": "sha512-OHkpq2pUnbHCZxmctPWEUrm7bXnq0xCwSkGpcoKkORBhlcga4A9RCneA5eyBUU7Eoy3ECfwSbFaDVtQn1+J5Ew==",
      "requires": {
        "@aws-cdk/aws-events": "1.82.0",
        "@aws-cdk/aws-iam": "1.82.0",
        "@aws-cdk/aws-kms": "1.82.0",
        "@aws-cdk/core": "1.82.0",
        "constructs": "^3.2.0"
      }
    },
    "@aws-cdk/aws-s3-assets": {
      "version": "1.82.0",
      "resolved": "https://registry.npmjs.org/@aws-cdk/aws-s3-assets/-/aws-s3-assets-1.82.0.tgz",
      "integrity": "sha512-IPhGoDDIum36veMXjGh080nihIrlORSCYCFu8he1+sgze9oFfb7jPIAfIPzz7bW1sPc4NdKjJTFt0w0cq1ELPg==",
      "requires": {
        "@aws-cdk/assets": "1.82.0",
        "@aws-cdk/aws-iam": "1.82.0",
        "@aws-cdk/aws-kms": "1.82.0",
        "@aws-cdk/aws-s3": "1.82.0",
        "@aws-cdk/core": "1.82.0",
        "@aws-cdk/cx-api": "1.82.0",
        "constructs": "^3.2.0"
      }
    },
    "@aws-cdk/aws-sam": {
      "version": "1.82.0",
      "resolved": "https://registry.npmjs.org/@aws-cdk/aws-sam/-/aws-sam-1.82.0.tgz",
      "integrity": "sha512-j7haLlr2WjYp+ptO5iEcCIcrPzW1g4hiZ3m9CuGyEmc7Aj60Fok1V7a9/ymvblHwg1W6WutYqw+BGXMWJnQf2A==",
      "requires": {
        "@aws-cdk/core": "1.82.0",
        "constructs": "^3.2.0"
      }
    },
    "@aws-cdk/aws-secretsmanager": {
      "version": "1.82.0",
      "resolved": "https://registry.npmjs.org/@aws-cdk/aws-secretsmanager/-/aws-secretsmanager-1.82.0.tgz",
      "integrity": "sha512-rU2IV+ZQ+sufJEvYjlEnMZRtYuQk7mdctrS1BZQldq62Gnnknc7EMuOmtDyYq27+ky/YdBS6eRc6m3nDHQeZmQ==",
      "requires": {
        "@aws-cdk/aws-ec2": "1.82.0",
        "@aws-cdk/aws-iam": "1.82.0",
        "@aws-cdk/aws-kms": "1.82.0",
        "@aws-cdk/aws-lambda": "1.82.0",
        "@aws-cdk/aws-sam": "1.82.0",
        "@aws-cdk/core": "1.82.0",
        "@aws-cdk/cx-api": "1.82.0",
        "constructs": "^3.2.0"
      }
    },
    "@aws-cdk/aws-sns": {
      "version": "1.82.0",
      "resolved": "https://registry.npmjs.org/@aws-cdk/aws-sns/-/aws-sns-1.82.0.tgz",
      "integrity": "sha512-6dVj8SJidvrn64XVE1LjeLq1buOT3N7hyTS+OaF5u7CJlyAoHpNErHLQTjRbin2d5waPKjrKaypJdTciLzvmcA==",
      "requires": {
        "@aws-cdk/aws-cloudwatch": "1.82.0",
        "@aws-cdk/aws-events": "1.82.0",
        "@aws-cdk/aws-iam": "1.82.0",
        "@aws-cdk/aws-kms": "1.82.0",
        "@aws-cdk/aws-sqs": "1.82.0",
        "@aws-cdk/core": "1.82.0",
        "constructs": "^3.2.0"
      }
    },
    "@aws-cdk/aws-sqs": {
      "version": "1.82.0",
      "resolved": "https://registry.npmjs.org/@aws-cdk/aws-sqs/-/aws-sqs-1.82.0.tgz",
      "integrity": "sha512-Hk5V/mNdQwDvt9tUOBcURDJOkonDumK07pFM4st73+zl5nqfjzVDdBVJgvpPv0VOWHulP6LwL1O30MToXji1tw==",
      "requires": {
        "@aws-cdk/aws-cloudwatch": "1.82.0",
        "@aws-cdk/aws-iam": "1.82.0",
        "@aws-cdk/aws-kms": "1.82.0",
        "@aws-cdk/core": "1.82.0",
        "constructs": "^3.2.0"
      }
    },
    "@aws-cdk/aws-ssm": {
      "version": "1.82.0",
      "resolved": "https://registry.npmjs.org/@aws-cdk/aws-ssm/-/aws-ssm-1.82.0.tgz",
      "integrity": "sha512-b4lXrQicCT9Jttp1C6jgfQTxPp+2Wqfx1hSbHKr1hg6Kv5k3RG4GJu4bIRV8iRYyKmm74SzAA1Uwh6P/RY8k1g==",
      "requires": {
        "@aws-cdk/aws-iam": "1.82.0",
        "@aws-cdk/aws-kms": "1.82.0",
        "@aws-cdk/cloud-assembly-schema": "1.82.0",
        "@aws-cdk/core": "1.82.0",
        "constructs": "^3.2.0"
      }
    },
    "@aws-cdk/cloud-assembly-schema": {
      "version": "1.82.0",
      "resolved": "https://registry.npmjs.org/@aws-cdk/cloud-assembly-schema/-/cloud-assembly-schema-1.82.0.tgz",
      "integrity": "sha512-eXf2CYLO6akkD6+2dsgGsECYZfQ2179QU5uDRH+9yWhaE0jQmca2o5m+HgaGE9AfvlIXiPeMYp1/6Ut22dh0jg==",
      "requires": {
        "jsonschema": "^1.4.0",
        "semver": "^7.3.2"
      },
      "dependencies": {
        "jsonschema": {
          "version": "1.4.0",
          "bundled": true
        },
        "semver": {
          "version": "7.3.2",
          "bundled": true
        }
      }
    },
    "@aws-cdk/core": {
      "version": "1.82.0",
      "resolved": "https://registry.npmjs.org/@aws-cdk/core/-/core-1.82.0.tgz",
      "integrity": "sha512-0bGrY7JxiOWKYlL4SjT+3IPevjQdHqxF5yxF6002cRCRDJK+GYMFxu6bblJ0CxXCkXfJ9cDOPo/Btz4FXnQWQw==",
      "requires": {
        "@aws-cdk/cloud-assembly-schema": "1.82.0",
        "@aws-cdk/cx-api": "1.82.0",
        "@aws-cdk/region-info": "1.82.0",
        "@balena/dockerignore": "^1.0.2",
        "constructs": "^3.2.0",
        "fs-extra": "^9.0.1",
        "ignore": "^5.1.8",
        "minimatch": "^3.0.4"
      },
      "dependencies": {
        "@balena/dockerignore": {
          "version": "1.0.2",
          "bundled": true
        },
        "at-least-node": {
          "version": "1.0.0",
          "bundled": true
        },
        "balanced-match": {
          "version": "1.0.0",
          "bundled": true
        },
        "brace-expansion": {
          "version": "1.1.11",
          "bundled": true,
          "requires": {
            "balanced-match": "^1.0.0",
            "concat-map": "0.0.1"
          }
        },
        "concat-map": {
          "version": "0.0.1",
          "bundled": true
        },
        "fs-extra": {
          "version": "9.0.1",
          "bundled": true,
          "requires": {
            "at-least-node": "^1.0.0",
            "graceful-fs": "^4.2.0",
            "jsonfile": "^6.0.1",
            "universalify": "^1.0.0"
          }
        },
        "graceful-fs": {
          "version": "4.2.4",
          "bundled": true
        },
        "ignore": {
          "version": "5.1.8",
          "bundled": true
        },
        "jsonfile": {
          "version": "6.1.0",
          "bundled": true,
          "requires": {
            "graceful-fs": "^4.1.6",
            "universalify": "^2.0.0"
          },
          "dependencies": {
            "universalify": {
              "version": "2.0.0",
              "bundled": true
            }
          }
        },
        "minimatch": {
          "version": "3.0.4",
          "bundled": true,
          "requires": {
            "brace-expansion": "^1.1.7"
          }
        },
        "universalify": {
          "version": "1.0.0",
          "bundled": true
        }
      }
    },
    "@aws-cdk/custom-resources": {
      "version": "1.82.0",
      "resolved": "https://registry.npmjs.org/@aws-cdk/custom-resources/-/custom-resources-1.82.0.tgz",
      "integrity": "sha512-NsZqyBrPVQVLB69POwl96MebP4B0g26EDhSxwY8NlWE6a7J7VQXtCRiMbwEU5Kr9CmH1tuPrNmhG4pWILOMGvA==",
      "requires": {
        "@aws-cdk/aws-cloudformation": "1.82.0",
        "@aws-cdk/aws-ec2": "1.82.0",
        "@aws-cdk/aws-iam": "1.82.0",
        "@aws-cdk/aws-lambda": "1.82.0",
        "@aws-cdk/aws-logs": "1.82.0",
        "@aws-cdk/aws-sns": "1.82.0",
        "@aws-cdk/core": "1.82.0",
        "constructs": "^3.2.0"
      }
    },
    "@aws-cdk/cx-api": {
      "version": "1.82.0",
      "resolved": "https://registry.npmjs.org/@aws-cdk/cx-api/-/cx-api-1.82.0.tgz",
      "integrity": "sha512-RcyLJu9WQLQWsMuAzZyBgF4YFz5SsZOg9UM0/LAHzz3bFeZlwekTcrbb9mJJv5Dharva6x47MU2fbmBTrmlakQ==",
      "requires": {
        "@aws-cdk/cloud-assembly-schema": "1.82.0",
        "semver": "^7.3.2"
      },
      "dependencies": {
        "semver": {
          "version": "7.3.2",
          "bundled": true
        }
      }
    },
    "@aws-cdk/region-info": {
      "version": "1.82.0",
      "resolved": "https://registry.npmjs.org/@aws-cdk/region-info/-/region-info-1.82.0.tgz",
      "integrity": "sha512-mIO2zJP3rUtuGPX/PlLVew3uU29rESswrykmZKuOXDgOvGsYKDAEPI00l0XVm2n9k1p3gVRH1dEysl/C+NSBiA=="
    },
    "@types/aws-lambda": {
      "version": "8.10.68",
      "resolved": "https://registry.npmjs.org/@types/aws-lambda/-/aws-lambda-8.10.68.tgz",
      "integrity": "sha512-0/0ghix1WXU8xJxvRx/VtmAesLR6+dPFWrNhQ90Pq6oOYN3x+oRVPnjjYNOIRuEd7fmKovl7s6ILCXMnbDr4Mg=="
    },
    "@types/node": {
      "version": "12.19.11",
      "resolved": "https://registry.npmjs.org/@types/node/-/node-12.19.11.tgz",
      "integrity": "sha512-bwVfNTFZOrGXyiQ6t4B9sZerMSShWNsGRw8tC5DY1qImUNczS9SjT4G6PnzjCnxsu5Ubj6xjL2lgwddkxtQl5w=="
    },
    "axios": {
      "version": "0.21.1",
      "resolved": "https://registry.npmjs.org/axios/-/axios-0.21.1.tgz",
      "integrity": "sha512-dKQiRHxGD9PPRIUNIWvZhPTPpl1rf/OxTYKsqKUDjBwYylTvV7SjSHJb9ratfyzM6wCdLCOYLzs73qpg5c4iGA==",
      "requires": {
        "follow-redirects": "^1.10.0"
      }
    },
    "constructs": {
      "version": "3.2.90",
      "resolved": "https://registry.npmjs.org/constructs/-/constructs-3.2.90.tgz",
      "integrity": "sha512-Hi0MN1NQOrqVUXE2YGQ0GL6LLPW7R9WP1QYOXvI2OW0wX43zd5sDT0D8PE116EKF8nRAFQenUPlD2EdgxoHPDg=="
    },
    "follow-redirects": {
      "version": "1.13.1",
      "resolved": "https://registry.npmjs.org/follow-redirects/-/follow-redirects-1.13.1.tgz",
      "integrity": "sha512-SSG5xmZh1mkPGyKzjZP8zLjltIfpW32Y5QpdNJyjcfGxK3qo3NDDkZOZSFiGn1A6SclQxY9GzEwAHQ3dmYRWpg=="
    },
    "typescript": {
      "version": "4.1.3",
      "resolved": "https://registry.npmjs.org/typescript/-/typescript-4.1.3.tgz",
      "integrity": "sha512-B3ZIOf1IKeH2ixgHhj6la6xdwR9QrLC5d1VKeCSY4tvkqhF2eqd9O7txNlS0PO3GrBAFIdr3L1ndNwteUbZLYg==",
      "dev": true
    }
  }
}
